
Microsoft Visual Studio Solution File, Format Version 12.00
# Visual Studio 15
VisualStudioVersion = 15.0.26730.3
MinimumVisualStudioVersion = 10.0.40219.1
Project("{FAE04EC0-301F-11D3-BF4B-00C04F79EFBC}") = "EntropyBlogEx", "EntropyBlogEx\EntropyBlogEx.csproj", "{74EB50A8-F7C6-429A-B6B1-11AF1063C6F7}"
EndProject
Project("{FAE04EC0-301F-11D3-BF4B-00C04F79EFBC}") = "BinEntropy", "BinEntropy\BinEntropy.csproj", "{9D3F2C45-0C6B-4CB5-8E81-9E429738A60D}"
EndProject
Global
	GlobalSection(SolutionConfigurationPlatforms) = preSolution
		Debug|Any CPU = Debug|Any CPU
		Release|Any CPU = Release|Any CPU
	EndGlobalSection
	GlobalSection(ProjectConfigurationPlatforms) = postSolution
		{74EB50A8-F7C6-429A-B6B1-11AF1063C6F7}.Debug|Any CPU.ActiveCfg = Debug|Any CPU
		{74EB50A8-F7C6-429A-B6B1-11AF1063C6F7}.Debug|Any CPU.Build.0 = Debug|Any CPU
		{74EB50A8-F7C6-429A-B6B1-11AF1063C6F7}.Release|Any CPU.ActiveCfg = Release|Any CPU
		{74EB50A8-F7C6-429A-B6B1-11AF1063C6F7}.Release|Any CPU.Build.0 = Release|Any CPU
		{9D3F2C45-0C6B-4CB5-8E81-9E429738A60D}.Debug|Any CPU.ActiveCfg = Debug|Any CPU
		{9D3F2C45-0C6B-4CB5-8E81-9E429738A60D}.Debug|Any CPU.Build.0 = Debug|Any CPU
		{9D3F2C45-0C6B-4CB5-8E81-9E429738A60D}.Release|Any CPU.ActiveCfg = Release|Any CPU
		{9D3F2C45-0C6B-4CB5-8E81-9E429738A60D}.Release|Any CPU.Build.0 = Release|Any CPU
	EndGlobalSection
	GlobalSection(SolutionProperties) = preSolution
		HideSolutionNode = FALSE
	EndGlobalSection
	GlobalSection(ExtensibilityGlobals) = postSolution
		SolutionGuid = {94A604A0-C0A5-4218-9B57-C9D7889014C0}
	EndGlobalSection
EndGlobal
